
Microsoft Visual Studio Solution File, Format Version 12.00
# Visual Studio Version 17
VisualStudioVersion = 17.0.31612.314
MinimumVisualStudioVersion = 10.0.40219.1
Project("{FAE04EC0-301F-11D3-BF4B-00C04F79EFBC}") = "SeeUsingsLater", "SeeUsingsLater\SeeUsingsLater.csproj", "{6454F589-DE50-4516-8D1C-AA97812C6219}"
EndProject
Project("{D954291E-2A0B-460D-934E-DC6B0785DB48}") = "SeeUsingsLater.Shared", "SeeUsingsLater.Shared\SeeUsingsLater.Shared.shproj", "{E3A5B305-BDB5-4AEE-9066-E2517103CE9C}"
EndProject
Project("{FAE04EC0-301F-11D3-BF4B-00C04F79EFBC}") = "SeeUsingsLater.VS17", "SeeUsingsLater.VS17\SeeUsingsLater.VS17.csproj", "{CAE17651-18C7-4837-B137-080FCF235103}"
EndProject
Global
	GlobalSection(SharedMSBuildProjectFiles) = preSolution
		SeeUsingsLater.Shared\SeeUsingsLater.Shared.projitems*{6454f589-de50-4516-8d1c-aa97812c6219}*SharedItemsImports = 4
		SeeUsingsLater.Shared\SeeUsingsLater.Shared.projitems*{cae17651-18c7-4837-b137-080fcf235103}*SharedItemsImports = 4
		SeeUsingsLater.Shared\SeeUsingsLater.Shared.projitems*{e3a5b305-bdb5-4aee-9066-e2517103ce9c}*SharedItemsImports = 13
	EndGlobalSection
	GlobalSection(SolutionConfigurationPlatforms) = preSolution
		Debug|Any CPU = Debug|Any CPU
		Debug|x86 = Debug|x86
		Release|Any CPU = Release|Any CPU
		Release|x86 = Release|x86
	EndGlobalSection
	GlobalSection(ProjectConfigurationPlatforms) = postSolution
		{6454F589-DE50-4516-8D1C-AA97812C6219}.Debug|Any CPU.ActiveCfg = Debug|Any CPU
		{6454F589-DE50-4516-8D1C-AA97812C6219}.Debug|Any CPU.Build.0 = Debug|Any CPU
		{6454F589-DE50-4516-8D1C-AA97812C6219}.Debug|Any CPU.Deploy.0 = Debug|Any CPU
		{6454F589-DE50-4516-8D1C-AA97812C6219}.Debug|x86.ActiveCfg = Debug|Any CPU
		{6454F589-DE50-4516-8D1C-AA97812C6219}.Debug|x86.Build.0 = Debug|Any CPU
		{6454F589-DE50-4516-8D1C-AA97812C6219}.Release|Any CPU.ActiveCfg = Release|Any CPU
		{6454F589-DE50-4516-8D1C-AA97812C6219}.Release|Any CPU.Build.0 = Release|Any CPU
		{6454F589-DE50-4516-8D1C-AA97812C6219}.Release|x86.ActiveCfg = Release|Any CPU
		{6454F589-DE50-4516-8D1C-AA97812C6219}.Release|x86.Build.0 = Release|Any CPU
		{CAE17651-18C7-4837-B137-080FCF235103}.Debug|Any CPU.ActiveCfg = Debug|Any CPU
		{CAE17651-18C7-4837-B137-080FCF235103}.Debug|Any CPU.Build.0 = Debug|Any CPU
		{CAE17651-18C7-4837-B137-080FCF235103}.Debug|x86.ActiveCfg = Debug|x86
		{CAE17651-18C7-4837-B137-080FCF235103}.Debug|x86.Build.0 = Debug|x86
		{CAE17651-18C7-4837-B137-080FCF235103}.Release|Any CPU.ActiveCfg = Release|Any CPU
		{CAE17651-18C7-4837-B137-080FCF235103}.Release|Any CPU.Build.0 = Release|Any CPU
		{CAE17651-18C7-4837-B137-080FCF235103}.Release|x86.ActiveCfg = Release|x86
		{CAE17651-18C7-4837-B137-080FCF235103}.Release|x86.Build.0 = Release|x86
	EndGlobalSection
	GlobalSection(SolutionProperties) = preSolution
		HideSolutionNode = FALSE
	EndGlobalSection
	GlobalSection(ExtensibilityGlobals) = postSolution
		SolutionGuid = {ED66E8D8-C8BD-409E-9E43-0B289F6E6328}
	EndGlobalSection
EndGlobal
